{
  "version": 1,
  "dependencies": {
    ".NETFramework,Version=v4.6.1": {
      "Fody": {
        "type": "Direct",
        "requested": "[6.5.1, )",
        "resolved": "6.5.1",
        "contentHash": "DEw9rPG5vrpaK4vPPze0f4q6Zd0mfzjGNKy49nrmINkftIHpkyf8KH+uC/qF8y6v1askPWu9NbJS9bkmN5wXaA=="
      },
      "HockeySDK.WPF": {
        "type": "Direct",
        "requested": "[4.1.6, )",
        "resolved": "4.1.6",
        "contentHash": "qQJt7gTdgBPryViQx/zNzJ3ljCvErjR+JsRWxcfNzc/qzzdqbOvNSt2cipd3pN6LR1GQ48j/spjRo/6iR2yIzA==",
        "dependencies": {
          "HockeySDK.Core": "4.1.6"
        }
      },
      "JetBrains.Annotations": {
        "type": "Direct",
        "requested": "[10.4.0, )",
        "resolved": "10.4.0",
        "contentHash": "BHOL9R1ueuzAJTHvWpczsxCFoKBzv2ya3zC7mvj4Rp1HkFNSMZOPTNSYSwwTmva/Lv3DHmqOTZ50IBOQh8Lg1g=="
      },
      "Microsoft.Language.Xml": {
        "type": "Direct",
        "requested": "[1.1.20, )",
        "resolved": "1.1.20",
        "contentHash": "W9Fi6pLqMr26g/BO0iQCCe6Nkzfw9ph6xxHyHXNSS2bR9BcPwkSbr4jLCzVy5/JTbEvi0amM44DO67LD/Wm7GA==",
        "dependencies": {
          "NETStandard.Library": "1.6.1"
        }
      },
      "Microsoft.VisualStudio.ComponentModelHost": {
        "type": "Direct",
        "requested": "[14.0.25424, )",
        "resolved": "14.0.25424",
        "contentHash": "K41O7CeI21A6IGfWWhDhQvhx4+dx2gOCMgaYp71zw+liacctqqlwlRVFAnCgHsftfSSXYKBaA0M9nxGgLKviMg=="
      },
      "Microsoft.VisualStudio.Editor": {
        "type": "Direct",
        "requested": "[14.3.25407, )",
        "resolved": "14.3.25407",
        "contentHash": "ncat2vY3GCi8PKTEUlt5LPAj+jZVPTy0bd2xMH+x3F1M9D8DGIldClHC3ghU8NmQQVbqcOHcAJQCf+fJUdQDVw==",
        "dependencies": {
          "Microsoft.VisualStudio.CoreUtility": "14.3.25407",
          "Microsoft.VisualStudio.OLE.Interop": "7.10.6070",
          "Microsoft.VisualStudio.Text.Data": "14.3.25407",
          "Microsoft.VisualStudio.Text.Logic": "14.3.25407",
          "Microsoft.VisualStudio.Text.UI": "14.3.25407",
          "Microsoft.VisualStudio.Text.UI.Wpf": "14.3.25407",
          "Microsoft.VisualStudio.TextManager.Interop": "7.10.6070",
          "Microsoft.VisualStudio.TextManager.Interop.8.0": "8.0.50727"
        }
      },
      "Microsoft.VisualStudio.Language.StandardClassification": {
        "type": "Direct",
        "requested": "[14.3.25407, )",
        "resolved": "14.3.25407",
        "contentHash": "9dIiVqzYU/qlzKmfZa4cnpYdLk5ZoSSRyumea2AOsc/g8j+oaq3/UcDR5iTQCqKOpEs1taMTdPgBhxbxmMX3eA==",
        "dependencies": {
          "Microsoft.VisualStudio.Text.Logic": "14.3.25407"
        }
      },
      "Microsoft.VisualStudio.Package.LanguageService.14.0": {
        "type": "Direct",
        "requested": "[14.3.25407, )",
        "resolved": "14.3.25407",
        "contentHash": "i3srpr6oitJMmv0zWjiO6hIT2x8SGI784VmaOi2SU1qsaSbAQoiitHQm0E1J0SgbfTzPW6p/1Ys/dVcxTLHzjw==",
        "dependencies": {
          "Microsoft.VisualStudio.OLE.Interop": "7.10.6070",
          "Microsoft.VisualStudio.Shell.14.0": "14.3.25407",
          "Microsoft.VisualStudio.Shell.Interop": "7.10.6071",
          "Microsoft.VisualStudio.TextManager.Interop": "7.10.6070",
          "Microsoft.VisualStudio.TextManager.Interop.8.0": "8.0.50727"
        }
      },
      "Microsoft.VisualStudio.SDK": {
        "type": "Direct",
        "requested": "[16.9.31025.194, )",
        "resolved": "16.9.31025.194",
        "contentHash": "my8KL+NcqBmXNDyJW4bhY8wcUq5Ad030Z5tbFgGTJmfm0ctEeg1z+mm793XXXViXKJ7N/QrZOXusldGlESoRFA=="
      },
      "Microsoft.VisualStudio.SDK.Analyzers": {
        "type": "Direct",
        "requested": "[15.8.33, )",
        "resolved": "15.8.33",
        "contentHash": "5rP5FqdiHID6AtB7m8LNQKXnjTFCErAtazW8gqY4z27kTp+K6S6ZMzBME7hryOCSo2laogjjL1GWp2bUaJZqRw==",
        "dependencies": {
          "Microsoft.VisualStudio.Threading.Analyzers": "15.8.122"
        }
      },
      "Microsoft.VisualStudio.Settings.14.0": {
        "type": "Direct",
        "requested": "[14.0.23205, )",
        "resolved": "14.0.23205",
        "contentHash": "dSY0je3+YSwHbWNBHwxymD7GW4S9J14Sqvc7a8BNNxhnAMYnFivh+Y8xQBk8csaFHRKl3gDYvjzE8zXMYatJEw==",
        "dependencies": {
          "Microsoft.VisualStudio.Shell.14.0": "14.0.23205"
        }
      },
      "Microsoft.VisualStudio.Shell.Interop": {
        "type": "Direct",
        "requested": "[7.10.6072, )",
        "resolved": "7.10.6072",
        "contentHash": "+7MhWXWaSYnTh56NVhMSMqDu7f1Xf7/yCPrM16QcBPyCTEV/l3/QPQG3xeVR9et81YeemlWFtAjA1hnskOkvVw==",
        "dependencies": {
          "Microsoft.VisualStudio.TextManager.Interop": "7.10.6071"
        }
      },
      "Microsoft.VisualStudio.Shell.Interop.14.0.DesignTime": {
        "type": "Direct",
        "requested": "[14.3.25407, )",
        "resolved": "14.3.25407",
        "contentHash": "JJAnoBN8VnYeLkZJF6N+HCZut7WBLDnqYMnjj8L/fHqM5ewdApx4qOVf95X8rC8ZBtOeKyF86p4T+Cm2XDFI8g==",
        "dependencies": {
          "Microsoft.VisualStudio.Imaging.Interop.14.0.DesignTime": "14.3.25407",
          "Microsoft.VisualStudio.Shell.Interop": "7.10.6071",
          "Microsoft.VisualStudio.Shell.Interop.10.0": "10.0.30319",
          "Microsoft.VisualStudio.Shell.Interop.11.0": "11.0.61030",
          "Microsoft.VisualStudio.Shell.Interop.12.0": "12.0.30110"
        }
      },
      "Microsoft.VisualStudio.Threading": {
        "type": "Direct",
        "requested": "[14.1.131, )",
        "resolved": "14.1.131",
        "contentHash": "g5QAyDZkQcG9YW+yUizA82AeckIz+DmQn9z/aTh2jhv7WpUy52WH96ANYAcA7c2Dq4fGDBOsj6oNL2vI+Lt20Q==",
        "dependencies": {
          "Microsoft.VisualStudio.Validation": "14.1.111"
        }
      },
      "Microsoft.VSSDK.BuildTools": {
        "type": "Direct",
        "requested": "[16.9.1050, )",
        "resolved": "16.9.1050",
        "contentHash": "P/ozK681eFrykqFiUtXBvie05/QWcePul9/dEV+oNJKBEHooRelhEk9+fIKo2xMdB/kdBLpglMV0+CnXW8fSyQ==",
        "dependencies": {
          "Microsoft.VisualStudio.SDK.Analyzers": "15.8.33"
        }
      },
      "PropertyChanged.Fody": {
        "type": "Direct",
        "requested": "[3.3.3, )",
        "resolved": "3.3.3",
        "contentHash": "2dHoq3+Y37J2g06RRyV57zMY9uVOq9JanPienXxineL1pIACCgxn8dL/f6C9I0L1hPvhoipxtP2u9jcSlVsn6Q==",
        "dependencies": {
          "Fody": "6.4.0"
        }
      },
      "System.Console": {
        "type": "Direct",
        "requested": "[4.3.1, )",
        "resolved": "4.3.1",
        "contentHash": "6iKDG36vugpW230eBGMLL6GQIx+Buf5txz6DFC1c4MOH8qcOo2mFzId6GsJUTptR4AusnDsdUeCYuzDiftD39w=="
      },
      "System.Diagnostics.DiagnosticSource": {
        "type": "Direct",
        "requested": "[4.3.0, )",
        "resolved": "4.3.0",
        "contentHash": "tD6kosZnTAGdrEa0tZSuFyunMbt/5KYDnHdndJYGqZoNy00XVXyACd5d6KnE1YgYv3ne2CjtAfNXo/fwEhnKUA=="
      },
      "System.Net.Http": {
        "type": "Direct",
        "requested": "[4.3.4, )",
        "resolved": "4.3.4",
        "contentHash": "aOa2d51SEbmM+H+Csw7yJOuNZoHkrP2XnAurye5HWYgGVVU54YZDvsLUYRv6h18X3sPnjNCANmN7ZhIPiqMcjA==",
        "dependencies": {
          "System.Security.Cryptography.X509Certificates": "4.3.0"
        }
      },
      "System.Net.Primitives": {
        "type": "Direct",
        "requested": "[4.3.1, )",
        "resolved": "4.3.1",
        "contentHash": "OHzPhSme78BbmLe9UBxHM69ZYjClS5URuhce6Ta4ikiLgaUGiG/X84fZpI6zy7CsUH5R9cYzI2tv9dWPqdTkUg=="
      },
      "System.Runtime.Extensions": {
        "type": "Direct",
        "requested": "[4.3.1, )",
        "resolved": "4.3.1",
        "contentHash": "qAtKMcHOAq9/zKkl0dwvF0T0pmgCQxX1rC49rJXoU8jq+lw6MC3uXy7nLFmjEI20T3Aq069eWz4LcYR64vEmJw=="
      },
      "System.Security.Cryptography.X509Certificates": {
        "type": "Direct",
        "requested": "[4.3.2, )",
        "resolved": "4.3.2",
        "contentHash": "uwlfOnvJd7rXRvP3aV126Q9XebIIEGEaZ245Rd5/ZwOg7U7AU+AmpE0vRh2F0DFjfOTuk7MAexv4nYiNP/RYnQ==",
        "dependencies": {
          "System.Security.Cryptography.Algorithms": "4.3.0",
          "System.Security.Cryptography.Encoding": "4.3.0"
        }
      },
      "System.Text.RegularExpressions": {
        "type": "Direct",
        "requested": "[4.3.1, )",
        "resolved": "4.3.1",
        "contentHash": "N0kNRrWe4+nXOWlpLT4LAY5brb8caNFlUuIRpraCVMDLYutKkol1aV079rQjLuSxKMJT2SpBQsYX9xbcTMmzwg=="
      },
      "XPathParser": {
        "type": "Direct",
        "requested": "[1.1.0-r9, )",
        "resolved": "1.1.0-r9",
        "contentHash": "frADSSsTWQEHpRnIp627MIX3BKOQX0tyVK7DxhGJdEdeqMAL+elyszd5jkQn1OMJZVN1jPnjkrjwgyw0akDK4w=="
      },
      "HockeySDK.Core": {
        "type": "Transitive",
        "resolved": "4.1.6",
        "contentHash": "zpK17DihA+mUBYjoKX8gotGQaMQP7LkWdKp9c0J6qUD7AKlJWRMe/AYuuOqDSKDbmbP+a2tmMBrEdB/kN7rgtw=="
      },
      "Microsoft.NETCore.Platforms": {
        "type": "Transitive",
        "resolved": "1.1.0",
        "contentHash": "kz0PEW2lhqygehI/d6XsPCQzD7ff7gUJaVGPVETX611eadGsA3A877GdSlU0LRVMCTH/+P3o2iDTak+S08V2+A=="
      },
      "Microsoft.VisualStudio.CoreUtility": {
        "type": "Transitive",
        "resolved": "14.3.25407",
        "contentHash": "dVO4mp3OultxN/fPjVwmt0YDqnq8vJjh5aeLUAFk1McHmrOY9dLOZLUdvGlAW0Ae+n3fR3JL7yDERiOyc1Zx4A=="
      },
      "Microsoft.VisualStudio.Imaging": {
        "type": "Transitive",
        "resolved": "14.3.25407",
        "contentHash": "AuAG4/0L+cQXPVqfhe3nL7oqsFNsRkyGDap9XcOl2dnVdpUTxJ6OUly3c+7Bj2nKZ/dfuI17OMGPfvF+S1Eqyw==",
        "dependencies": {
          "Microsoft.VisualStudio.Utilities": "14.3.25407"
        }
      },
      "Microsoft.VisualStudio.Imaging.Interop.14.0.DesignTime": {
        "type": "Transitive",
        "resolved": "14.3.25407",
        "contentHash": "mqldeJfyEF2edXn/7u+7hcCY/TTx0Z6IbLsZAsapOfBLS67c3pjh8Zxm5ZDItNmpkMFMQ8OiMOLjeGP/ftFEHw=="
      },
      "Microsoft.VisualStudio.OLE.Interop": {
        "type": "Transitive",
        "resolved": "7.10.6071",
        "contentHash": "PuINhJH41DbKfkNU+qcyC4Wlt/z0DgI/ViZv6gjUclylnFbUIpCdqm4fK+PKJDfiarHTKnGWkxjKuOIS1Bqs5Q=="
      },
      "Microsoft.VisualStudio.Shell.14.0": {
        "type": "Transitive",
        "resolved": "14.3.25407",
        "contentHash": "6HvDFvgu4tg3AmGxfcrly1Ni9eu49RM+OvniL5SJNTqNCbnHpIHiziglK6q5QI1DxhRPDUnJwC3CJcLKdaVZ9w==",
        "dependencies": {
          "Microsoft.VisualStudio.Imaging": "14.3.25407",
          "Microsoft.VisualStudio.OLE.Interop": "7.10.6070",
          "Microsoft.VisualStudio.Shell.Immutable.10.0": "10.0.30319",
          "Microsoft.VisualStudio.Shell.Immutable.11.0": "11.0.50727",
          "Microsoft.VisualStudio.Shell.Immutable.12.0": "12.0.21003",
          "Microsoft.VisualStudio.Shell.Immutable.14.0": "14.3.25407",
          "Microsoft.VisualStudio.Shell.Interop": "7.10.6071",
          "Microsoft.VisualStudio.Shell.Interop.8.0": "8.0.50727",
          "Microsoft.VisualStudio.Shell.Interop.9.0": "9.0.30729",
          "Microsoft.VisualStudio.TextManager.Interop": "7.10.6070",
          "Microsoft.VisualStudio.Threading": "14.1.111",
          "Microsoft.VisualStudio.Utilities": "14.3.25407"
        }
      },
      "Microsoft.VisualStudio.Shell.Immutable.10.0": {
        "type": "Transitive",
        "resolved": "10.0.30319",
        "contentHash": "8qGEpQoR0Iu8+MASdwprS0zaqu9YS3w2e42DW7IIQ3MRDdJtLLOI3KTjj63ONxvOM4vCTAs+UDReo7Jy/6tHtQ=="
      },
      "Microsoft.VisualStudio.Shell.Immutable.11.0": {
        "type": "Transitive",
        "resolved": "11.0.50727",
        "contentHash": "WNKEdjQZ5AWFrYITqvpbrRhe6uCMhU5eU1zZLbSfyYIJ4JimpUFU8HFGJXepfek2KqA/3vM8DIHMtx0+tEWeCA==",
        "dependencies": {
          "Microsoft.VisualStudio.OLE.Interop": "7.10.6070",
          "Microsoft.VisualStudio.Shell.Interop": "7.10.6071"
        }
      },
      "Microsoft.VisualStudio.Shell.Immutable.12.0": {
        "type": "Transitive",
        "resolved": "12.0.21003",
        "contentHash": "R3N/n9v8wkG/Um3lh0GMwG0anSszaIYDMUTrrje+wYNkezGCvCt4EJsQ7qs5hvAsszE1GhVcpMYNtQ9Bfk3Rdw=="
      },
      "Microsoft.VisualStudio.Shell.Immutable.14.0": {
        "type": "Transitive",
        "resolved": "14.3.25407",
        "contentHash": "f5gunJZKdc4w6riAl6LUrW+PYJV/nIQGSRjJ5boul0d+LGJ41fdfc8L+N+RLDrbn0+aXA8wEML3o+TKuo4tIyQ==",
        "dependencies": {
          "Microsoft.VisualStudio.Shell.Immutable.11.0": "11.0.50727"
        }
      },
      "Microsoft.VisualStudio.Shell.Interop.10.0": {
        "type": "Transitive",
        "resolved": "10.0.30319",
        "contentHash": "BGh0IalHfzGy66TU7uzf0txSUiKbkGRtcXF9CG3Y4M2c1llgtJl4n1f9t85ZW0dAp5BAZ2Qc+a8e6NXFn9/kzQ==",
        "dependencies": {
          "Microsoft.VisualStudio.OLE.Interop": "7.10.6070",
          "Microsoft.VisualStudio.Shell.Interop": "7.10.6071"
        }
      },
      "Microsoft.VisualStudio.Shell.Interop.11.0": {
        "type": "Transitive",
        "resolved": "11.0.61030",
        "contentHash": "QiPUEP7Xa4USo1ekJLfUO348Q02djzes3VbYD5Cn+z9wfC2vmndW6xpiajD7X/3NehF8ocrpRIfaL8/oL9xDjg==",
        "dependencies": {
          "Microsoft.VisualStudio.OLE.Interop": "7.10.6070",
          "Microsoft.VisualStudio.Shell.Interop": "7.10.6071",
          "Microsoft.VisualStudio.Shell.Interop.10.0": "10.0.30319",
          "Microsoft.VisualStudio.Shell.Interop.8.0": "8.0.50727"
        }
      },
      "Microsoft.VisualStudio.Shell.Interop.12.0": {
        "type": "Transitive",
        "resolved": "12.0.30110",
        "contentHash": "PDdvEvc4+kl7VfupNDt4w35NJFnzPcuD2u935fxZfcDKZPNW1Jet8xtxeChWGj3zQFou8QyNzI6+xV6Nr6ksnw==",
        "dependencies": {
          "Microsoft.VisualStudio.OLE.Interop": "7.10.6070",
          "Microsoft.VisualStudio.Shell.Interop": "7.10.6071",
          "Microsoft.VisualStudio.Shell.Interop.10.0": "10.0.30319",
          "Microsoft.VisualStudio.Shell.Interop.11.0": "11.0.61030",
          "Microsoft.VisualStudio.Shell.Interop.8.0": "8.0.50727"
        }
      },
      "Microsoft.VisualStudio.Shell.Interop.8.0": {
        "type": "Transitive",
        "resolved": "8.0.50727",
        "contentHash": "8OzpFWEdSGrtx4GLBxJtiyqOBG8wQxh3lI6wN5AgFH6TtT7pND7EILjrbOgNfMsVbk3qI8DX4uvoHPdcg+cdMg==",
        "dependencies": {
          "Microsoft.VisualStudio.OLE.Interop": "7.10.6070",
          "Microsoft.VisualStudio.Shell.Interop": "7.10.6071",
          "Microsoft.VisualStudio.TextManager.Interop": "7.10.6070",
          "Microsoft.VisualStudio.TextManager.Interop.8.0": "8.0.50727"
        }
      },
      "Microsoft.VisualStudio.Shell.Interop.9.0": {
        "type": "Transitive",
        "resolved": "9.0.30729",
        "contentHash": "Qolo2V47CYOwS44mlfCpC7ie+juK44MLBNtBxDSeImolTjvLdY8INv8PtQM1WX51XRcgQBV+g3QiSdScJTtOSQ==",
        "dependencies": {
          "Microsoft.VisualStudio.OLE.Interop": "7.10.6070",
          "Microsoft.VisualStudio.Shell.Interop": "7.10.6071",
          "Microsoft.VisualStudio.Shell.Interop.8.0": "8.0.50727",
          "Microsoft.VisualStudio.TextManager.Interop": "7.10.6070"
        }
      },
      "Microsoft.VisualStudio.Text.Data": {
        "type": "Transitive",
        "resolved": "14.3.25407",
        "contentHash": "mbf5RJBLKcGW9oIVptxweTNkwjA012eZvW+gV6RuznIpi3Ej15s4hMHi0gvn6TfjLz1/Y7QwAprO8eEd9SfrBw==",
        "dependencies": {
          "Microsoft.VisualStudio.CoreUtility": "14.3.25407"
        }
      },
      "Microsoft.VisualStudio.Text.Logic": {
        "type": "Transitive",
        "resolved": "14.3.25407",
        "contentHash": "qxJ5C2lj46GifdFodX5WGEhUqDVEW/844zyJ82tmET110U/RcNoqEmdZjjKo93fCgjjaXd8RYmU2D1MvqspAGQ==",
        "dependencies": {
          "Microsoft.VisualStudio.CoreUtility": "14.3.25407",
          "Microsoft.VisualStudio.Text.Data": "14.3.25407"
        }
      },
      "Microsoft.VisualStudio.Text.UI": {
        "type": "Transitive",
        "resolved": "14.3.25407",
        "contentHash": "j2VycUvZQ+zrToL6xpWj3IUmzobh15xXBg/TWaCApd2YWR9PqTKDyYJRBQiq4t14Nr1b1msvtjv4Hmbnyw0Bww==",
        "dependencies": {
          "Microsoft.VisualStudio.CoreUtility": "14.3.25407",
          "Microsoft.VisualStudio.Text.Data": "14.3.25407",
          "Microsoft.VisualStudio.Text.Logic": "14.3.25407"
        }
      },
      "Microsoft.VisualStudio.Text.UI.Wpf": {
        "type": "Transitive",
        "resolved": "14.3.25407",
        "contentHash": "S/2UVgqxAyIAtqoRG0lhbRz1JmBKyDFJknRrZ4m27NIl/gD+GkLze5kTu+6613Y+Xscvrw3e5lDh+lkJe34cLw==",
        "dependencies": {
          "Microsoft.VisualStudio.CoreUtility": "14.3.25407",
          "Microsoft.VisualStudio.Text.Data": "14.3.25407",
          "Microsoft.VisualStudio.Text.Logic": "14.3.25407",
          "Microsoft.VisualStudio.Text.UI": "14.3.25407"
        }
      },
      "Microsoft.VisualStudio.TextManager.Interop": {
        "type": "Transitive",
        "resolved": "7.10.6071",
        "contentHash": "2g+TsUdrY3ygz0j4NgPMWZWQGfFqoNYBU2RjWHQtyRxiruA6d3hsDXufY55PfvLI02gFplC5d1lG1r7JCMHQeA==",
        "dependencies": {
          "Microsoft.VisualStudio.OLE.Interop": "7.10.6071"
        }
      },
      "Microsoft.VisualStudio.TextManager.Interop.8.0": {
        "type": "Transitive",
        "resolved": "8.0.50727",
        "contentHash": "SEuUVH8jYiZjeXnCQEkJWDdxSitTChjnwJGk6BVMKCjdsva+rDflNLf4icrsczbiuWZIgDr7esZ4wf4zWceE+g==",
        "dependencies": {
          "Microsoft.VisualStudio.OLE.Interop": "7.10.6070",
          "Microsoft.VisualStudio.Shell.Interop": "7.10.6071",
          "Microsoft.VisualStudio.TextManager.Interop": "7.10.6070"
        }
      },
      "Microsoft.VisualStudio.Threading.Analyzers": {
        "type": "Transitive",
        "resolved": "15.8.122",
        "contentHash": "1gu3LopB8nLiomlMGx6Y8Glb+rwABHpksdpNH1X9/GGp6uJvnHAUZWsFUQz8sAuu1CKcQagJcSOUt4bb4pOFKg=="
      },
      "Microsoft.VisualStudio.Utilities": {
        "type": "Transitive",
        "resolved": "14.3.25407",
        "contentHash": "Lt1/W2ACPnMg3f48nGf2l4LUpmOusU6fxhxs0Ub7TqmLQN8V6RTmsOoyeZSfnJQzWAXS6vbBMSr062j0wc8h4A=="
      },
      "Microsoft.VisualStudio.Validation": {
        "type": "Transitive",
        "resolved": "14.1.111",
        "contentHash": "IUt6f56o4p+k2s0SX6Dlo02qj5r8zoWxMpxxNa1hZM+j+xQ6L3mTb/ZVbtbqpaVotA/j25dPa2VybLO/8MEw1Q=="
      },
      "Microsoft.Win32.Primitives": {
        "type": "Transitive",
        "resolved": "4.3.0",
        "contentHash": "9ZQKCWxH7Ijp9BfahvL2Zyf1cJIk8XYLF6Yjzr2yi0b2cOut/HQ31qf1ThHAgCc3WiZMdnWcfJCgN82/0UunxA=="
      },
      "NETStandard.Library": {
        "type": "Transitive",
        "resolved": "1.6.1",
        "contentHash": "WcSp3+vP+yHNgS8EV5J7pZ9IRpeDuARBPN28by8zqff1wJQXm26PVU8L3/fYLBJVU7BtDyqNVWq2KlCVvSSR4A==",
        "dependencies": {
          "Microsoft.NETCore.Platforms": "1.1.0",
          "Microsoft.Win32.Primitives": "4.3.0",
          "System.AppContext": "4.3.0",
          "System.Collections": "4.3.0",
          "System.Collections.Concurrent": "4.3.0",
          "System.Console": "4.3.0",
          "System.Diagnostics.Debug": "4.3.0",
          "System.Diagnostics.Tools": "4.3.0",
          "System.Diagnostics.Tracing": "4.3.0",
          "System.Globalization": "4.3.0",
          "System.Globalization.Calendars": "4.3.0",
          "System.IO": "4.3.0",
          "System.IO.Compression": "4.3.0",
          "System.IO.Compression.ZipFile": "4.3.0",
          "System.IO.FileSystem": "4.3.0",
          "System.IO.FileSystem.Primitives": "4.3.0",
          "System.Linq": "4.3.0",
          "System.Linq.Expressions": "4.3.0",
          "System.Net.Http": "4.3.0",
          "System.Net.Primitives": "4.3.0",
          "System.Net.Sockets": "4.3.0",
          "System.ObjectModel": "4.3.0",
          "System.Reflection": "4.3.0",
          "System.Reflection.Extensions": "4.3.0",
          "System.Reflection.Primitives": "4.3.0",
          "System.Resources.ResourceManager": "4.3.0",
          "System.Runtime": "4.3.0",
          "System.Runtime.Extensions": "4.3.0",
          "System.Runtime.Handles": "4.3.0",
          "System.Runtime.InteropServices": "4.3.0",
          "System.Runtime.InteropServices.RuntimeInformation": "4.3.0",
          "System.Runtime.Numerics": "4.3.0",
          "System.Security.Cryptography.Algorithms": "4.3.0",
          "System.Security.Cryptography.Encoding": "4.3.0",
          "System.Security.Cryptography.Primitives": "4.3.0",
          "System.Security.Cryptography.X509Certificates": "4.3.0",
          "System.Text.Encoding": "4.3.0",
          "System.Text.Encoding.Extensions": "4.3.0",
          "System.Text.RegularExpressions": "4.3.0",
          "System.Threading": "4.3.0",
          "System.Threading.Tasks": "4.3.0",
          "System.Threading.Timer": "4.3.0",
          "System.Xml.ReaderWriter": "4.3.0",
          "System.Xml.XDocument": "4.3.0"
        }
      },
      "System.AppContext": {
        "type": "Transitive",
        "resolved": "4.3.0",
        "contentHash": "fKC+rmaLfeIzUhagxY17Q9siv/sPrjjKcfNg1Ic8IlQkZLipo8ljcaZQu4VtI4Jqbzjc2VTjzGLF6WmsRXAEgA=="
      },
      "System.Collections": {
        "type": "Transitive",
        "resolved": "4.3.0",
        "contentHash": "3Dcj85/TBdVpL5Zr+gEEBUuFe2icOnLalmEh9hfck1PTYbbyWuZgh4fmm2ysCLTrqLQw6t3TgTyJ+VLp+Qb+Lw=="
      },
      "System.Collections.Concurrent": {
        "type": "Transitive",
        "resolved": "4.3.0",
        "contentHash": "ztl69Xp0Y/UXCL+3v3tEU+lIy+bvjKNUmopn1wep/a291pVPK7dxBd6T7WnlQqRog+d1a/hSsgRsmFnIBKTPLQ=="
      },
      "System.Diagnostics.Debug": {
        "type": "Transitive",
        "resolved": "4.3.0",
        "contentHash": "ZUhUOdqmaG5Jk3Xdb8xi5kIyQYAA4PnTNlHx1mu9ZY3qv4ELIdKbnL/akbGaKi2RnNUWaZsAs31rvzFdewTj2g=="
      },
      "System.Diagnostics.Tools": {
        "type": "Transitive",
        "resolved": "4.3.0",
        "contentHash": "UUvkJfSYJMM6x527dJg2VyWPSRqIVB0Z7dbjHst1zmwTXz5CcXSYJFWRpuigfbO1Lf7yfZiIaEUesfnl/g5EyA=="
      },
      "System.Diagnostics.Tracing": {
        "type": "Transitive",
        "resolved": "4.3.0",
        "contentHash": "rswfv0f/Cqkh78rA5S8eN8Neocz234+emGCtTF3lxPY96F+mmmUen6tbn0glN6PMvlKQb9bPAY5e9u7fgPTkKw=="
      },
      "System.Globalization": {
        "type": "Transitive",
        "resolved": "4.3.0",
        "contentHash": "kYdVd2f2PAdFGblzFswE4hkNANJBKRmsfa2X5LG2AcWE1c7/4t0pYae1L8vfZ5xvE2nK/R9JprtToA61OSHWIg=="
      },
      "System.Globalization.Calendars": {
        "type": "Transitive",
        "resolved": "4.3.0",
        "contentHash": "GUlBtdOWT4LTV3I+9/PJW+56AnnChTaOqqTLFtdmype/L500M2LIyXgmtd9X2P2VOkmJd5c67H5SaC2QcL1bFA=="
      },
      "System.IO": {
        "type": "Transitive",
        "resolved": "4.3.0",
        "contentHash": "3qjaHvxQPDpSOYICjUoTsmoq5u6QJAFRUITgeT/4gqkF1bajbSmb1kwSxEA8AHlofqgcKJcM8udgieRNhaJ5Cg=="
      },
      "System.IO.Compression": {
        "type": "Transitive",
        "resolved": "4.3.0",
        "contentHash": "YHndyoiV90iu4iKG115ibkhrG+S3jBm8Ap9OwoUAzO5oPDAWcr0SFwQFm0HjM8WkEZWo0zvLTyLmbvTkW1bXgg=="
      },
      "System.IO.Compression.ZipFile": {
        "type": "Transitive",
        "resolved": "4.3.0",
        "contentHash": "G4HwjEsgIwy3JFBduZ9quBkAu+eUwjIdJleuNSgmUojbH6O3mlvEIme+GHx/cLlTAPcrnnL7GqvB9pTlWRfhOg=="
      },
      "System.IO.FileSystem": {
        "type": "Transitive",
        "resolved": "4.3.0",
        "contentHash": "3wEMARTnuio+ulnvi+hkRNROYwa1kylvYahhcLk4HSoVdl+xxTFVeVlYOfLwrDPImGls0mDqbMhrza8qnWPTdA==",
        "dependencies": {
          "System.IO.FileSystem.Primitives": "4.3.0"
        }
      },
      "System.IO.FileSystem.Primitives": {
        "type": "Transitive",
        "resolved": "4.3.0",
        "contentHash": "6QOb2XFLch7bEc4lIcJH49nJN2HV+OC3fHDgsLVsBVBk3Y4hFAnOBGzJ2lUu7CyDDFo9IBWkSsnbkT6IBwwiMw=="
      },
      "System.Linq": {
        "type": "Transitive",
        "resolved": "4.3.0",
        "contentHash": "5DbqIUpsDp0dFftytzuMmc0oeMdQwjcP/EWxsksIz/w1TcFRkZ3yKKz0PqiYFMmEwPSWw+qNVqD7PJ889JzHbw=="
      },
      "System.Linq.Expressions": {
        "type": "Transitive",
        "resolved": "4.3.0",
        "contentHash": "PGKkrd2khG4CnlyJwxwwaWWiSiWFNBGlgXvJpeO0xCXrZ89ODrQ6tjEWS/kOqZ8GwEOUATtKtzp1eRgmYNfclg=="
      },
      "System.Net.Sockets": {
        "type": "Transitive",
        "resolved": "4.3.0",
        "contentHash": "m6icV6TqQOAdgt5N/9I5KNpjom/5NFtkmGseEH+AK/hny8XrytLH3+b5M8zL/Ycg3fhIocFpUMyl/wpFnVRvdw=="
      },
      "System.ObjectModel": {
        "type": "Transitive",
        "resolved": "4.3.0",
        "contentHash": "bdX+80eKv9bN6K4N+d77OankKHGn6CH711a6fcOpMQu2Fckp/Ft4L/kW9WznHpyR0NRAvJutzOMHNNlBGvxQzQ=="
      },
      "System.Reflection": {
        "type": "Transitive",
        "resolved": "4.3.0",
        "contentHash": "KMiAFoW7MfJGa9nDFNcfu+FpEdiHpWgTcS2HdMpDvt9saK3y/G4GwprPyzqjFH9NTaGPQeWNHU+iDlDILj96aQ=="
      },
      "System.Reflection.Extensions": {
        "type": "Transitive",
        "resolved": "4.3.0",
        "contentHash": "rJkrJD3kBI5B712aRu4DpSIiHRtr6QlfZSQsb0hYHrDCZORXCFjQfoipo2LaMUHoT9i1B7j7MnfaEKWDFmFQNQ=="
      },
      "System.Reflection.Primitives": {
        "type": "Transitive",
        "resolved": "4.3.0",
        "contentHash": "5RXItQz5As4xN2/YUDxdpsEkMhvw3e6aNveFXUn4Hl/udNTCNhnKp8lT9fnc3MhvGKh1baak5CovpuQUXHAlIA=="
      },
      "System.Resources.ResourceManager": {
        "type": "Transitive",
        "resolved": "4.3.0",
        "contentHash": "/zrcPkkWdZmI4F92gL/TPumP98AVDu/Wxr3CSJGQQ+XN6wbRZcyfSKVoPo17ilb3iOr0cCRqJInGwNMolqhS8A=="
      },
      "System.Runtime": {
        "type": "Transitive",
        "resolved": "4.3.0",
        "contentHash": "JufQi0vPQ0xGnAczR13AUFglDyVYt4Kqnz1AZaiKZ5+GICq0/1MH/mO/eAJHt/mHW1zjKBJd7kV26SrxddAhiw=="
      },
      "System.Runtime.Handles": {
        "type": "Transitive",
        "resolved": "4.3.0",
        "contentHash": "OKiSUN7DmTWeYb3l51A7EYaeNMnvxwE249YtZz7yooT4gOZhmTjIn48KgSsw2k2lYdLgTKNJw/ZIfSElwDRVgg=="
      },
      "System.Runtime.InteropServices": {
        "type": "Transitive",
        "resolved": "4.3.0",
        "contentHash": "uv1ynXqiMK8mp1GM3jDqPCFN66eJ5w5XNomaK2XD+TuCroNTLFGeZ+WCmBMcBDyTFKou3P6cR6J/QsaqDp7fGQ=="
      },
      "System.Runtime.InteropServices.RuntimeInformation": {
        "type": "Transitive",
        "resolved": "4.3.0",
        "contentHash": "cbz4YJMqRDR7oLeMRbdYv7mYzc++17lNhScCX0goO2XpGWdvAt60CGN+FHdePUEHCe/Jy9jUlvNAiNdM+7jsOw=="
      },
      "System.Runtime.Numerics": {
        "type": "Transitive",
        "resolved": "4.3.0",
        "contentHash": "yMH+MfdzHjy17l2KESnPiF2dwq7T+xLnSJar7slyimAkUh/gTrS9/UQOtv7xarskJ2/XDSNvfLGOBQPjL7PaHQ=="
      },
      "System.Security.Cryptography.Algorithms": {
        "type": "Transitive",
        "resolved": "4.3.0",
        "contentHash": "W1kd2Y8mYSCgc3ULTAZ0hOP2dSdG5YauTb1089T0/kRcN2MpSAW1izOFROrJgxSlMn3ArsgHXagigyi+ibhevg==",
        "dependencies": {
          "System.Security.Cryptography.Primitives": "4.3.0"
        }
      },
      "System.Security.Cryptography.Encoding": {
        "type": "Transitive",
        "resolved": "4.3.0",
        "contentHash": "1DEWjZZly9ae9C79vFwqaO5kaOlI5q+3/55ohmq/7dpDyDfc8lYe7YVxJUZ5MF/NtbkRjwFRo14yM4OEo9EmDw=="
      },
      "System.Security.Cryptography.Primitives": {
        "type": "Transitive",
        "resolved": "4.3.0",
        "contentHash": "7bDIyVFNL/xKeFHjhobUAQqSpJq9YTOpbEs6mR233Et01STBMXNAc/V+BM6dwYGc95gVh/Zf+iVXWzj3mE8DWg=="
      },
      "System.Text.Encoding": {
        "type": "Transitive",
        "resolved": "4.3.0",
        "contentHash": "BiIg+KWaSDOITze6jGQynxg64naAPtqGHBwDrLaCtixsa5bKiR8dpPOHA7ge3C0JJQizJE+sfkz1wV+BAKAYZw=="
      },
      "System.Text.Encoding.Extensions": {
        "type": "Transitive",
        "resolved": "4.3.0",
        "contentHash": "YVMK0Bt/A43RmwizJoZ22ei2nmrhobgeiYwFzC4YAN+nue8RF6djXDMog0UCn+brerQoYVyaS+ghy9P/MUVcmw=="
      },
      "System.Threading": {
        "type": "Transitive",
        "resolved": "4.3.0",
        "contentHash": "VkUS0kOBcUf3Wwm0TSbrevDDZ6BlM+b/HRiapRFWjM5O0NS0LviG0glKmFK+hhPDd1XFeSdU1GmlLhb2CoVpIw=="
      },
      "System.Threading.Tasks": {
        "type": "Transitive",
        "resolved": "4.3.0",
        "contentHash": "LbSxKEdOUhVe8BezB/9uOGGppt+nZf6e1VFyw6v3DN6lqitm0OSn2uXMOdtP0M3W4iMcqcivm2J6UgqiwwnXiA=="
      },
      "System.Threading.Timer": {
        "type": "Transitive",
        "resolved": "4.3.0",
        "contentHash": "Z6YfyYTCg7lOZjJzBjONJTFKGN9/NIYKSxhU5GRd+DTwHSZyvWp1xuI5aR+dLg+ayyC5Xv57KiY4oJ0tMO89fQ=="
      },
      "System.Xml.ReaderWriter": {
        "type": "Transitive",
        "resolved": "4.3.0",
        "contentHash": "GrprA+Z0RUXaR4N7/eW71j1rgMnEnEVlgii49GZyAjTH7uliMnrOU3HNFBr6fEDBCJCIdlVNq9hHbaDR621XBA=="
      },
      "System.Xml.XDocument": {
        "type": "Transitive",
        "resolved": "4.3.0",
        "contentHash": "5zJ0XDxAIg8iy+t4aMnQAu0MqVbqyvfoUVl1yDV61xdo3Vth45oA2FoY4pPkxYAH5f8ixpmTqXeEIya95x0aCQ=="
      }
    },
    ".NETFramework,Version=v4.6.1/win": {
      "System.Net.Http": {
        "type": "Direct",
        "requested": "[4.3.4, )",
        "resolved": "4.3.4",
        "contentHash": "aOa2d51SEbmM+H+Csw7yJOuNZoHkrP2XnAurye5HWYgGVVU54YZDvsLUYRv6h18X3sPnjNCANmN7ZhIPiqMcjA==",
        "dependencies": {
          "System.Security.Cryptography.X509Certificates": "4.3.0"
        }
      },
      "System.Security.Cryptography.X509Certificates": {
        "type": "Direct",
        "requested": "[4.3.2, )",
        "resolved": "4.3.2",
        "contentHash": "uwlfOnvJd7rXRvP3aV126Q9XebIIEGEaZ245Rd5/ZwOg7U7AU+AmpE0vRh2F0DFjfOTuk7MAexv4nYiNP/RYnQ==",
        "dependencies": {
          "System.Security.Cryptography.Algorithms": "4.3.0",
          "System.Security.Cryptography.Encoding": "4.3.0"
        }
      },
      "System.IO.Compression": {
        "type": "Transitive",
        "resolved": "4.3.0",
        "contentHash": "YHndyoiV90iu4iKG115ibkhrG+S3jBm8Ap9OwoUAzO5oPDAWcr0SFwQFm0HjM8WkEZWo0zvLTyLmbvTkW1bXgg=="
      },
      "System.Runtime.InteropServices.RuntimeInformation": {
        "type": "Transitive",
        "resolved": "4.3.0",
        "contentHash": "cbz4YJMqRDR7oLeMRbdYv7mYzc++17lNhScCX0goO2XpGWdvAt60CGN+FHdePUEHCe/Jy9jUlvNAiNdM+7jsOw=="
      },
      "System.Security.Cryptography.Algorithms": {
        "type": "Transitive",
        "resolved": "4.3.0",
        "contentHash": "W1kd2Y8mYSCgc3ULTAZ0hOP2dSdG5YauTb1089T0/kRcN2MpSAW1izOFROrJgxSlMn3ArsgHXagigyi+ibhevg==",
        "dependencies": {
          "System.Security.Cryptography.Primitives": "4.3.0"
        }
      },
      "System.Security.Cryptography.Encoding": {
        "type": "Transitive",
        "resolved": "4.3.0",
        "contentHash": "1DEWjZZly9ae9C79vFwqaO5kaOlI5q+3/55ohmq/7dpDyDfc8lYe7YVxJUZ5MF/NtbkRjwFRo14yM4OEo9EmDw=="
      }
    },
    ".NETFramework,Version=v4.6.1/win-x64": {
      "System.Net.Http": {
        "type": "Direct",
        "requested": "[4.3.4, )",
        "resolved": "4.3.4",
        "contentHash": "aOa2d51SEbmM+H+Csw7yJOuNZoHkrP2XnAurye5HWYgGVVU54YZDvsLUYRv6h18X3sPnjNCANmN7ZhIPiqMcjA==",
        "dependencies": {
          "System.Security.Cryptography.X509Certificates": "4.3.0"
        }
      },
      "System.Security.Cryptography.X509Certificates": {
        "type": "Direct",
        "requested": "[4.3.2, )",
        "resolved": "4.3.2",
        "contentHash": "uwlfOnvJd7rXRvP3aV126Q9XebIIEGEaZ245Rd5/ZwOg7U7AU+AmpE0vRh2F0DFjfOTuk7MAexv4nYiNP/RYnQ==",
        "dependencies": {
          "System.Security.Cryptography.Algorithms": "4.3.0",
          "System.Security.Cryptography.Encoding": "4.3.0"
        }
      },
      "System.IO.Compression": {
        "type": "Transitive",
        "resolved": "4.3.0",
        "contentHash": "YHndyoiV90iu4iKG115ibkhrG+S3jBm8Ap9OwoUAzO5oPDAWcr0SFwQFm0HjM8WkEZWo0zvLTyLmbvTkW1bXgg=="
      },
      "System.Runtime.InteropServices.RuntimeInformation": {
        "type": "Transitive",
        "resolved": "4.3.0",
        "contentHash": "cbz4YJMqRDR7oLeMRbdYv7mYzc++17lNhScCX0goO2XpGWdvAt60CGN+FHdePUEHCe/Jy9jUlvNAiNdM+7jsOw=="
      },
      "System.Security.Cryptography.Algorithms": {
        "type": "Transitive",
        "resolved": "4.3.0",
        "contentHash": "W1kd2Y8mYSCgc3ULTAZ0hOP2dSdG5YauTb1089T0/kRcN2MpSAW1izOFROrJgxSlMn3ArsgHXagigyi+ibhevg==",
        "dependencies": {
          "System.Security.Cryptography.Primitives": "4.3.0"
        }
      },
      "System.Security.Cryptography.Encoding": {
        "type": "Transitive",
        "resolved": "4.3.0",
        "contentHash": "1DEWjZZly9ae9C79vFwqaO5kaOlI5q+3/55ohmq/7dpDyDfc8lYe7YVxJUZ5MF/NtbkRjwFRo14yM4OEo9EmDw=="
      }
    },
    ".NETFramework,Version=v4.6.1/win-x86": {
      "System.Net.Http": {
        "type": "Direct",
        "requested": "[4.3.4, )",
        "resolved": "4.3.4",
        "contentHash": "aOa2d51SEbmM+H+Csw7yJOuNZoHkrP2XnAurye5HWYgGVVU54YZDvsLUYRv6h18X3sPnjNCANmN7ZhIPiqMcjA==",
        "dependencies": {
          "System.Security.Cryptography.X509Certificates": "4.3.0"
        }
      },
      "System.Security.Cryptography.X509Certificates": {
        "type": "Direct",
        "requested": "[4.3.2, )",
        "resolved": "4.3.2",
        "contentHash": "uwlfOnvJd7rXRvP3aV126Q9XebIIEGEaZ245Rd5/ZwOg7U7AU+AmpE0vRh2F0DFjfOTuk7MAexv4nYiNP/RYnQ==",
        "dependencies": {
          "System.Security.Cryptography.Algorithms": "4.3.0",
          "System.Security.Cryptography.Encoding": "4.3.0"
        }
      },
      "System.IO.Compression": {
        "type": "Transitive",
        "resolved": "4.3.0",
        "contentHash": "YHndyoiV90iu4iKG115ibkhrG+S3jBm8Ap9OwoUAzO5oPDAWcr0SFwQFm0HjM8WkEZWo0zvLTyLmbvTkW1bXgg=="
      },
      "System.Runtime.InteropServices.RuntimeInformation": {
        "type": "Transitive",
        "resolved": "4.3.0",
        "contentHash": "cbz4YJMqRDR7oLeMRbdYv7mYzc++17lNhScCX0goO2XpGWdvAt60CGN+FHdePUEHCe/Jy9jUlvNAiNdM+7jsOw=="
      },
      "System.Security.Cryptography.Algorithms": {
        "type": "Transitive",
        "resolved": "4.3.0",
        "contentHash": "W1kd2Y8mYSCgc3ULTAZ0hOP2dSdG5YauTb1089T0/kRcN2MpSAW1izOFROrJgxSlMn3ArsgHXagigyi+ibhevg==",
        "dependencies": {
          "System.Security.Cryptography.Primitives": "4.3.0"
        }
      },
      "System.Security.Cryptography.Encoding": {
        "type": "Transitive",
        "resolved": "4.3.0",
        "contentHash": "1DEWjZZly9ae9C79vFwqaO5kaOlI5q+3/55ohmq/7dpDyDfc8lYe7YVxJUZ5MF/NtbkRjwFRo14yM4OEo9EmDw=="
      }
    }
  }
}